{
  "name": "@rbxts/algorite",
  "version": "0.0.4",
  "lockfileVersion": 1,
  "requires": true,
  "dependencies": {
    "@rbxts/services": {
      "version": "1.5.3",
      "resolved": "https://registry.npmjs.org/@rbxts/services/-/services-1.5.3.tgz",
      "integrity": "sha512-0Lr1OJCfhCILu0Z2+W2Hhx4nIRWLW3llSvzPskozv9AlBR99qTWrhJlh/4dux1RciKPFbZiTYi1CP+/kCloIQw=="
    },
    "@rbxts/types": {
      "version": "1.0.376",
      "resolved": "https://registry.npmjs.org/@rbxts/types/-/types-1.0.376.tgz",
      "integrity": "sha512-1MADSXtIt+GGEKupaD5QPvFw8Nah1t6t8CDBccLWNQ7s9nBgydqRhUEWrrn998JlivmpNdAJEV+IyISgqekdCg==",
      "dev": true
    }
  }
}
