{
  "name": "@rbxts/algorite",
  "version": "0.0.4",
  "lockfileVersion": 1,
  "requires": true,
  "dependencies": {
    "@rbxts/services": {
      "version": "1.5.4",
      "resolved": "https://registry.npmjs.org/@rbxts/services/-/services-1.5.4.tgz",
      "integrity": "sha512-Klh+gRIT8zy3xRTX1YD6FZ9nAMzkzPLTHmciigt59PEF7PJXo31CF0IU0RegQ7VSMrz1iOnXwxbIwy3htcMfOA=="
    },
    "@rbxts/types": {
      "version": "1.0.376",
      "resolved": "https://registry.npmjs.org/@rbxts/types/-/types-1.0.376.tgz",
      "integrity": "sha512-1MADSXtIt+GGEKupaD5QPvFw8Nah1t6t8CDBccLWNQ7s9nBgydqRhUEWrrn998JlivmpNdAJEV+IyISgqekdCg==",
      "dev": true
    }
  }
}
