{
  "name": "@rbxts/algorite",
  "version": "0.0.4",
  "lockfileVersion": 1,
  "requires": true,
  "dependencies": {
    "@rbxts/services": {
      "version": "1.0.4",
      "resolved": "https://registry.npmjs.org/@rbxts/services/-/services-1.0.4.tgz",
      "integrity": "sha512-lvTFr9soI6WQzZDuy1NIWaeI9YrnE0+pK+57MCcBoTcGDfg5EZMVgLGmpVDt0lUqD3UB7Yr++DtYOdPUFQqNGg=="
    },
    "@rbxts/types": {
      "version": "1.0.766",
      "resolved": "https://registry.npmjs.org/@rbxts/types/-/types-1.0.766.tgz",
      "integrity": "sha512-oIeN6iVDOpCyY3U0rOWPPVdkQtidRJKkhYb1+y0IQ8J2cURRnRMDbDNGSkKyul59J4rpJIopaBCj+oaQbCED8Q==",
      "dev": true
    }
  }
}
